
Microsoft Visual Studio Solution File, Format Version 12.00
# Visual Studio Version 16
VisualStudioVersion = 16.0.31402.337
MinimumVisualStudioVersion = 10.0.40219.1
Project("{8BC9CEB8-8B4A-11D0-8D11-00A0C91BC942}") = "Dll", "Dll\Dll.vcxproj", "{7AB74D69-D11C-475B-9526-DC37C068887A}"
EndProject
Global
	GlobalSection(SolutionConfigurationPlatforms) = preSolution
		Debug|x64 = Debug|x64
		Debug|x86 = Debug|x86
		Release|x64 = Release|x64
		Release|x86 = Release|x86
	EndGlobalSection
	GlobalSection(ProjectConfigurationPlatforms) = postSolution
		{7AB74D69-D11C-475B-9526-DC37C068887A}.Debug|x64.ActiveCfg = Debug|x64
		{7AB74D69-D11C-475B-9526-DC37C068887A}.Debug|x64.Build.0 = Debug|x64
		{7AB74D69-D11C-475B-9526-DC37C068887A}.Debug|x86.ActiveCfg = Debug|Win32
		{7AB74D69-D11C-475B-9526-DC37C068887A}.Debug|x86.Build.0 = Debug|Win32
		{7AB74D69-D11C-475B-9526-DC37C068887A}.Release|x64.ActiveCfg = Release|x64
		{7AB74D69-D11C-475B-9526-DC37C068887A}.Release|x64.Build.0 = Release|x64
		{7AB74D69-D11C-475B-9526-DC37C068887A}.Release|x86.ActiveCfg = Release|Win32
		{7AB74D69-D11C-475B-9526-DC37C068887A}.Release|x86.Build.0 = Release|Win32
	EndGlobalSection
	GlobalSection(SolutionProperties) = preSolution
		HideSolutionNode = FALSE
	EndGlobalSection
	GlobalSection(ExtensibilityGlobals) = postSolution
		SolutionGuid = {536E8BDF-712E-4EE6-9329-9C6265B8C7B4}
	EndGlobalSection
EndGlobal
